// !$*UTF8*$!
{
	archiveVersion = 1;
	classes = {
	};
	objectVersion = 46;
	objects = {

/* Begin PBXBuildFile section */
		5250390D19C45CB4007714C7 /* PageContentViewController.swift in Sources */ = {isa = PBXBuildFile; fileRef = 5250390C19C45CB4007714C7 /* PageContentViewController.swift */; };
		526AD6DE19BDF3D400340A09 /* AppDelegate.swift in Sources */ = {isa = PBXBuildFile; fileRef = 526AD6DD19BDF3D400340A09 /* AppDelegate.swift */; };
		526AD6E019BDF3D400340A09 /* ViewController.swift in Sources */ = {isa = PBXBuildFile; fileRef = 526AD6DF19BDF3D400340A09 /* ViewController.swift */; };
		526AD6E319BDF3D400340A09 /* Main.storyboard in Resources */ = {isa = PBXBuildFile; fileRef = 526AD6E119BDF3D400340A09 /* Main.storyboard */; };
		526AD6E519BDF3D400340A09 /* Images.xcassets in Resources */ = {isa = PBXBuildFile; fileRef = 526AD6E419BDF3D400340A09 /* Images.xcassets */; };
		526AD6F119BDF3D400340A09 /* EventosDemoTests.swift in Sources */ = {isa = PBXBuildFile; fileRef = 526AD6F019BDF3D400340A09 /* EventosDemoTests.swift */; };
/* End PBXBuildFile section */

/* Begin PBXContainerItemProxy section */
		526AD6EB19BDF3D400340A09 /* PBXContainerItemProxy */ = {
			isa = PBXContainerItemProxy;
			containerPortal = 526AD6D019BDF3D400340A09 /* Project object */;
			proxyType = 1;
			remoteGlobalIDString = 526AD6D719BDF3D400340A09;
			remoteInfo = EventosDemo;
		};
/* End PBXContainerItemProxy section */

/* Begin PBXFileReference section */
		5250390C19C45CB4007714C7 /* PageContentViewController.swift */ = {isa = PBXFileReference; fileEncoding = 4; lastKnownFileType = sourcecode.swift; path = PageContentViewController.swift; sourceTree = "<group>"; };
		526AD6D819BDF3D400340A09 /* EventosDemo.app */ = {isa = PBXFileReference; explicitFileType = wrapper.application; includeInIndex = 0; path = EventosDemo.app; sourceTree = BUILT_PRODUCTS_DIR; };
		526AD6DC19BDF3D400340A09 /* Info.plist */ = {isa = PBXFileReference; lastKnownFileType = text.plist.xml; path = Info.plist; sourceTree = "<group>"; };
		526AD6DD19BDF3D400340A09 /* AppDelegate.swift */ = {isa = PBXFileReference; lastKnownFileType = sourcecode.swift; path = AppDelegate.swift; sourceTree = "<group>"; };
		526AD6DF19BDF3D400340A09 /* ViewController.swift */ = {isa = PBXFileReference; lastKnownFileType = sourcecode.swift; path = ViewController.swift; sourceTree = "<group>"; };
		526AD6E219BDF3D400340A09 /* Base */ = {isa = PBXFileReference; lastKnownFileType = file.storyboard; name = Base; path = Base.lproj/Main.storyboard; sourceTree = "<group>"; };
		526AD6E419BDF3D400340A09 /* Images.xcassets */ = {isa = PBXFileReference; lastKnownFileType = folder.assetcatalog; path = Images.xcassets; sourceTree = "<group>"; };
		526AD6EA19BDF3D400340A09 /* EventosDemoTests.xctest */ = {isa = PBXFileReference; explicitFileType = wrapper.cfbundle; includeInIndex = 0; path = EventosDemoTests.xctest; sourceTree = BUILT_PRODUCTS_DIR; };
		526AD6EF19BDF3D400340A09 /* Info.plist */ = {isa = PBXFileReference; lastKnownFileType = text.plist.xml; path = Info.plist; sourceTree = "<group>"; };
		526AD6F019BDF3D400340A09 /* EventosDemoTests.swift */ = {isa = PBXFileReference; lastKnownFileType = sourcecode.swift; path = EventosDemoTests.swift; sourceTree = "<group>"; };
/* End PBXFileReference section */

/* Begin PBXFrameworksBuildPhase section */
		526AD6D519BDF3D400340A09 /* Frameworks */ = {
			isa = PBXFrameworksBuildPhase;
			buildActionMask = 2147483647;
			files = (
			);
			runOnlyForDeploymentPostprocessing = 0;
		};
		526AD6E719BDF3D400340A09 /* Frameworks */ = {
			isa = PBXFrameworksBuildPhase;
			buildActionMask = 2147483647;
			files = (
			);
			runOnlyForDeploymentPostprocessing = 0;
		};
/* End PBXFrameworksBuildPhase section */

/* Begin PBXGroup section */
		526AD6CF19BDF3D400340A09 = {
			isa = PBXGroup;
			children = (
				526AD6DA19BDF3D400340A09 /* EventosDemo */,
				526AD6ED19BDF3D400340A09 /* EventosDemoTests */,
				526AD6D919BDF3D400340A09 /* Products */,
			);
			sourceTree = "<group>";
		};
		526AD6D919BDF3D400340A09 /* Products */ = {
			isa = PBXGroup;
			children = (
				526AD6D819BDF3D400340A09 /* EventosDemo.app */,
				526AD6EA19BDF3D400340A09 /* EventosDemoTests.xctest */,
			);
			name = Products;
			sourceTree = "<group>";
		};
		526AD6DA19BDF3D400340A09 /* EventosDemo */ = {
			isa = PBXGroup;
			children = (
				526AD6DD19BDF3D400340A09 /* AppDelegate.swift */,
				526AD6DF19BDF3D400340A09 /* ViewController.swift */,
				526AD6E119BDF3D400340A09 /* Main.storyboard */,
				5250390C19C45CB4007714C7 /* PageContentViewController.swift */,
				526AD6E419BDF3D400340A09 /* Images.xcassets */,
				526AD6DB19BDF3D400340A09 /* Supporting Files */,
			);
			path = EventosDemo;
			sourceTree = "<group>";
		};
		526AD6DB19BDF3D400340A09 /* Supporting Files */ = {
			isa = PBXGroup;
			children = (
				526AD6DC19BDF3D400340A09 /* Info.plist */,
			);
			name = "Supporting Files";
			sourceTree = "<group>";
		};
		526AD6ED19BDF3D400340A09 /* EventosDemoTests */ = {
			isa = PBXGroup;
			children = (
				526AD6F019BDF3D400340A09 /* EventosDemoTests.swift */,
				526AD6EE19BDF3D400340A09 /* Supporting Files */,
			);
			path = EventosDemoTests;
			sourceTree = "<group>";
		};
		526AD6EE19BDF3D400340A09 /* Supporting Files */ = {
			isa = PBXGroup;
			children = (
				526AD6EF19BDF3D400340A09 /* Info.plist */,
			);
			name = "Supporting Files";
			sourceTree = "<group>";
		};
/* End PBXGroup section */

/* Begin PBXNativeTarget section */
		526AD6D719BDF3D400340A09 /* EventosDemo */ = {
			isa = PBXNativeTarget;
			buildConfigurationList = 526AD6F419BDF3D400340A09 /* Build configuration list for PBXNativeTarget "EventosDemo" */;
			buildPhases = (
				526AD6D419BDF3D400340A09 /* Sources */,
				526AD6D519BDF3D400340A09 /* Frameworks */,
				526AD6D619BDF3D400340A09 /* Resources */,
			);
			buildRules = (
			);
			dependencies = (
			);
			name = EventosDemo;
			productName = EventosDemo;
			productReference = 526AD6D819BDF3D400340A09 /* EventosDemo.app */;
			productType = "com.apple.product-type.application";
		};
		526AD6E919BDF3D400340A09 /* EventosDemoTests */ = {
			isa = PBXNativeTarget;
			buildConfigurationList = 526AD6F719BDF3D400340A09 /* Build configuration list for PBXNativeTarget "EventosDemoTests" */;
			buildPhases = (
				526AD6E619BDF3D400340A09 /* Sources */,
				526AD6E719BDF3D400340A09 /* Frameworks */,
				526AD6E819BDF3D400340A09 /* Resources */,
			);
			buildRules = (
			);
			dependencies = (
				526AD6EC19BDF3D400340A09 /* PBXTargetDependency */,
			);
			name = EventosDemoTests;
			productName = EventosDemoTests;
			productReference = 526AD6EA19BDF3D400340A09 /* EventosDemoTests.xctest */;
			productType = "com.apple.product-type.bundle.unit-test";
		};
/* End PBXNativeTarget section */

/* Begin PBXProject section */
		526AD6D019BDF3D400340A09 /* Project object */ = {
			isa = PBXProject;
			attributes = {
				LastUpgradeCheck = 0600;
				ORGANIZATIONNAME = Awalll;
				TargetAttributes = {
					526AD6D719BDF3D400340A09 = {
						CreatedOnToolsVersion = 6.0;
						DevelopmentTeam = KNC39HG8J2;
					};
					526AD6E919BDF3D400340A09 = {
						CreatedOnToolsVersion = 6.0;
						TestTargetID = 526AD6D719BDF3D400340A09;
					};
				};
			};
			buildConfigurationList = 526AD6D319BDF3D400340A09 /* Build configuration list for PBXProject "EventosDemo" */;
			compatibilityVersion = "Xcode 3.2";
			developmentRegion = English;
			hasScannedForEncodings = 0;
			knownRegions = (
				en,
				Base,
			);
			mainGroup = 526AD6CF19BDF3D400340A09;
			productRefGroup = 526AD6D919BDF3D400340A09 /* Products */;
			projectDirPath = "";
			projectRoot = "";
			targets = (
				526AD6D719BDF3D400340A09 /* EventosDemo */,
				526AD6E919BDF3D400340A09 /* EventosDemoTests */,
			);
		};
/* End PBXProject section */

/* Begin PBXResourcesBuildPhase section */
		526AD6D619BDF3D400340A09 /* Resources */ = {
			isa = PBXResourcesBuildPhase;
			buildActionMask = 2147483647;
			files = (
				526AD6E319BDF3D400340A09 /* Main.storyboard in Resources */,
				526AD6E519BDF3D400340A09 /* Images.xcassets in Resources */,
			);
			runOnlyForDeploymentPostprocessing = 0;
		};
		526AD6E819BDF3D400340A09 /* Resources */ = {
			isa = PBXResourcesBuildPhase;
			buildActionMask = 2147483647;
			files = (
			);
			runOnlyForDeploymentPostprocessing = 0;
		};
/* End PBXResourcesBuildPhase section */

/* Begin PBXSourcesBuildPhase section */
		526AD6D419BDF3D400340A09 /* Sources */ = {
			isa = PBXSourcesBuildPhase;
			buildActionMask = 2147483647;
			files = (
				5250390D19C45CB4007714C7 /* PageContentViewController.swift in Sources */,
				526AD6E019BDF3D400340A09 /* ViewController.swift in Sources */,
				526AD6DE19BDF3D400340A09 /* AppDelegate.swift in Sources */,
			);
			runOnlyForDeploymentPostprocessing = 0;
		};
		526AD6E619BDF3D400340A09 /* Sources */ = {
			isa = PBXSourcesBuildPhase;
			buildActionMask = 2147483647;
			files = (
				526AD6F119BDF3D400340A09 /* EventosDemoTests.swift in Sources */,
			);
			runOnlyForDeploymentPostprocessing = 0;
		};
/* End PBXSourcesBuildPhase section */

/* Begin PBXTargetDependency section */
		526AD6EC19BDF3D400340A09 /* PBXTargetDependency */ = {
			isa = PBXTargetDependency;
			target = 526AD6D719BDF3D400340A09 /* EventosDemo */;
			targetProxy = 526AD6EB19BDF3D400340A09 /* PBXContainerItemProxy */;
		};
/* End PBXTargetDependency section */

/* Begin PBXVariantGroup section */
		526AD6E119BDF3D400340A09 /* Main.storyboard */ = {
			isa = PBXVariantGroup;
			children = (
				526AD6E219BDF3D400340A09 /* Base */,
			);
			name = Main.storyboard;
			sourceTree = "<group>";
		};
/* End PBXVariantGroup section */

/* Begin XCBuildConfiguration section */
		526AD6F219BDF3D400340A09 /* Debug */ = {
			isa = XCBuildConfiguration;
			buildSettings = {
				ALWAYS_SEARCH_USER_PATHS = NO;
				CLANG_CXX_LANGUAGE_STANDARD = "gnu++0x";
				CLANG_CXX_LIBRARY = "libc++";
				CLANG_ENABLE_MODULES = YES;
				CLANG_ENABLE_OBJC_ARC = YES;
				CLANG_WARN_BOOL_CONVERSION = YES;
				CLANG_WARN_CONSTANT_CONVERSION = YES;
				CLANG_WARN_DIRECT_OBJC_ISA_USAGE = YES_ERROR;
				CLANG_WARN_EMPTY_BODY = YES;
				CLANG_WARN_ENUM_CONVERSION = YES;
				CLANG_WARN_INT_CONVERSION = YES;
				CLANG_WARN_OBJC_ROOT_CLASS = YES_ERROR;
				CLANG_WARN_UNREACHABLE_CODE = YES;
				CLANG_WARN__DUPLICATE_METHOD_MATCH = YES;
				"CODE_SIGN_IDENTITY[sdk=iphoneos*]" = "iPhone Developer";
				COPY_PHASE_STRIP = NO;
				ENABLE_STRICT_OBJC_MSGSEND = YES;
				GCC_C_LANGUAGE_STANDARD = gnu99;
				GCC_DYNAMIC_NO_PIC = NO;
				GCC_OPTIMIZATION_LEVEL = 0;
				GCC_PREPROCESSOR_DEFINITIONS = (
					"DEBUG=1",
					"$(inherited)",
				);
				GCC_SYMBOLS_PRIVATE_EXTERN = NO;
				GCC_WARN_64_TO_32_BIT_CONVERSION = YES;
				GCC_WARN_ABOUT_RETURN_TYPE = YES_ERROR;
				GCC_WARN_UNDECLARED_SELECTOR = YES;
				GCC_WARN_UNINITIALIZED_AUTOS = YES_AGGRESSIVE;
				GCC_WARN_UNUSED_FUNCTION = YES;
				GCC_WARN_UNUSED_VARIABLE = YES;
				IPHONEOS_DEPLOYMENT_TARGET = 8.0;
				MTL_ENABLE_DEBUG_INFO = YES;
				ONLY_ACTIVE_ARCH = YES;
				SDKROOT = iphoneos;
				SWIFT_OPTIMIZATION_LEVEL = "-Onone";
			};
			name = Debug;
		};
		526AD6F319BDF3D400340A09 /* Release */ = {
			isa = XCBuildConfiguration;
			buildSettings = {
				ALWAYS_SEARCH_USER_PATHS = NO;
				CLANG_CXX_LANGUAGE_STANDARD = "gnu++0x";
				CLANG_CXX_LIBRARY = "libc++";
				CLANG_ENABLE_MODULES = YES;
				CLANG_ENABLE_OBJC_ARC = YES;
				CLANG_WARN_BOOL_CONVERSION = YES;
				CLANG_WARN_CONSTANT_CONVERSION = YES;
				CLANG_WARN_DIRECT_OBJC_ISA_USAGE = YES_ERROR;
				CLANG_WARN_EMPTY_BODY = YES;
				CLANG_WARN_ENUM_CONVERSION = YES;
				CLANG_WARN_INT_CONVERSION = YES;
				CLANG_WARN_OBJC_ROOT_CLASS = YES_ERROR;
				CLANG_WARN_UNREACHABLE_CODE = YES;
				CLANG_WARN__DUPLICATE_METHOD_MATCH = YES;
				"CODE_SIGN_IDENTITY[sdk=iphoneos*]" = "iPhone Developer";
				COPY_PHASE_STRIP = YES;
				ENABLE_NS_ASSERTIONS = NO;
				ENABLE_STRICT_OBJC_MSGSEND = YES;
				GCC_C_LANGUAGE_STANDARD = gnu99;
				GCC_WARN_64_TO_32_BIT_CONVERSION = YES;
				GCC_WARN_ABOUT_RETURN_TYPE = YES_ERROR;
				GCC_WARN_UNDECLARED_SELECTOR = YES;
				GCC_WARN_UNINITIALIZED_AUTOS = YES_AGGRESSIVE;
				GCC_WARN_UNUSED_FUNCTION = YES;
				GCC_WARN_UNUSED_VARIABLE = YES;
				IPHONEOS_DEPLOYMENT_TARGET = 8.0;
				MTL_ENABLE_DEBUG_INFO = NO;
				SDKROOT = iphoneos;
				VALIDATE_PRODUCT = YES;
			};
			name = Release;
		};
		526AD6F519BDF3D400340A09 /* Debug */ = {
			isa = XCBuildConfiguration;
			buildSettings = {
				ASSETCATALOG_COMPILER_APPICON_NAME = AppIcon;
				ASSETCATALOG_COMPILER_LAUNCHIMAGE_NAME = LaunchImage;
				CODE_SIGN_IDENTITY = "iPhone Developer";
				"CODE_SIGN_IDENTITY[sdk=iphoneos*]" = "iPhone Developer";
				INFOPLIST_FILE = EventosDemo/Info.plist;
				IPHONEOS_DEPLOYMENT_TARGET = 8.0;
				LD_RUNPATH_SEARCH_PATHS = "$(inherited) @executable_path/Frameworks";
				PRODUCT_NAME = "$(TARGET_NAME)";
				PROVISIONING_PROFILE = "";
				SDKROOT = iphoneos;
			};
			name = Debug;
		};
		526AD6F619BDF3D400340A09 /* Release */ = {
			isa = XCBuildConfiguration;
			buildSettings = {
				ASSETCATALOG_COMPILER_APPICON_NAME = AppIcon;
				ASSETCATALOG_COMPILER_LAUNCHIMAGE_NAME = LaunchImage;
				CODE_SIGN_IDENTITY = "iPhone Developer";
				"CODE_SIGN_IDENTITY[sdk=iphoneos*]" = "iPhone Developer";
				INFOPLIST_FILE = EventosDemo/Info.plist;
				IPHONEOS_DEPLOYMENT_TARGET = 8.0;
				LD_RUNPATH_SEARCH_PATHS = "$(inherited) @executable_path/Frameworks";
				PRODUCT_NAME = "$(TARGET_NAME)";
				PROVISIONING_PROFILE = "";
				SDKROOT = iphoneos;
			};
			name = Release;
		};
		526AD6F819BDF3D400340A09 /* Debug */ = {
			isa = XCBuildConfiguration;
			buildSettings = {
				BUNDLE_LOADER = "$(BUILT_PRODUCTS_DIR)/EventosDemo.app/EventosDemo";
				FRAMEWORK_SEARCH_PATHS = (
					"$(SDKROOT)/Developer/Library/Frameworks",
					"$(inherited)",
				);
				GCC_PREPROCESSOR_DEFINITIONS = (
					"DEBUG=1",
					"$(inherited)",
				);
				INFOPLIST_FILE = EventosDemoTests/Info.plist;
				LD_RUNPATH_SEARCH_PATHS = "$(inherited) @executable_path/Frameworks @loader_path/Frameworks";
				PRODUCT_NAME = "$(TARGET_NAME)";
				TEST_HOST = "$(BUNDLE_LOADER)";
			};
			name = Debug;
		};
		526AD6F919BDF3D400340A09 /* Release */ = {
			isa = XCBuildConfiguration;
			buildSettings = {
				BUNDLE_LOADER = "$(BUILT_PRODUCTS_DIR)/EventosDemo.app/EventosDemo";
				FRAMEWORK_SEARCH_PATHS = (
					"$(SDKROOT)/Developer/Library/Frameworks",
					"$(inherited)",
				);
				INFOPLIST_FILE = EventosDemoTests/Info.plist;
				LD_RUNPATH_SEARCH_PATHS = "$(inherited) @executable_path/Frameworks @loader_path/Frameworks";
				PRODUCT_NAME = "$(TARGET_NAME)";
				TEST_HOST = "$(BUNDLE_LOADER)";
			};
			name = Release;
		};
/* End XCBuildConfiguration section */

/* Begin XCConfigurationList section */
		526AD6D319BDF3D400340A09 /* Build configuration list for PBXProject "EventosDemo" */ = {
			isa = XCConfigurationList;
			buildConfigurations = (
				526AD6F219BDF3D400340A09 /* Debug */,
				526AD6F319BDF3D400340A09 /* Release */,
			);
			defaultConfigurationIsVisible = 0;
			defaultConfigurationName = Release;
		};
		526AD6F419BDF3D400340A09 /* Build configuration list for PBXNativeTarget "EventosDemo" */ = {
			isa = XCConfigurationList;
			buildConfigurations = (
				526AD6F519BDF3D400340A09 /* Debug */,
				526AD6F619BDF3D400340A09 /* Release */,
			);
			defaultConfigurationIsVisible = 0;
			defaultConfigurationName = Release;
		};
		526AD6F719BDF3D400340A09 /* Build configuration list for PBXNativeTarget "EventosDemoTests" */ = {
			isa = XCConfigurationList;
			buildConfigurations = (
				526AD6F819BDF3D400340A09 /* Debug */,
				526AD6F919BDF3D400340A09 /* Release */,
			);
			defaultConfigurationIsVisible = 0;
			defaultConfigurationName = Release;
		};
/* End XCConfigurationList section */
	};
	rootObject = 526AD6D019BDF3D400340A09 /* Project object */;
}
